
Microsoft Visual Studio Solution File, Format Version 12.00
# Visual Studio Version 16
VisualStudioVersion = 16.0.30804.86
MinimumVisualStudioVersion = 10.0.40219.1
Project("{FAE04EC0-301F-11D3-BF4B-00C04F79EFBC}") = "Information-application-console", "Information-application-console\Information-application-console.csproj", "{934C89F0-D411-4638-A87F-D60D306A59D5}"
EndProject
Global
	GlobalSection(SolutionConfigurationPlatforms) = preSolution
		Debug|Any CPU = Debug|Any CPU
		Release|Any CPU = Release|Any CPU
	EndGlobalSection
	GlobalSection(ProjectConfigurationPlatforms) = postSolution
		{934C89F0-D411-4638-A87F-D60D306A59D5}.Debug|Any CPU.ActiveCfg = Debug|Any CPU
		{934C89F0-D411-4638-A87F-D60D306A59D5}.Debug|Any CPU.Build.0 = Debug|Any CPU
		{934C89F0-D411-4638-A87F-D60D306A59D5}.Release|Any CPU.ActiveCfg = Release|Any CPU
		{934C89F0-D411-4638-A87F-D60D306A59D5}.Release|Any CPU.Build.0 = Release|Any CPU
	EndGlobalSection
	GlobalSection(SolutionProperties) = preSolution
		HideSolutionNode = FALSE
	EndGlobalSection
	GlobalSection(ExtensibilityGlobals) = postSolution
		SolutionGuid = {66DE4B92-CF29-414D-AB79-58ECC9444FAC}
	EndGlobalSection
EndGlobal
